
Microsoft Visual Studio Solution File, Format Version 12.00
# Visual Studio 2015
Project("{FAE04EC0-301F-11D3-BF4B-00C04F79EFBC}") = "UnityVS.yingji.CSharp.Plugins", "UnityVS.yingji.CSharp.Plugins.csproj", "{FA09CF92-578F-7047-611A-A82DAE67ECE1}"
EndProject
Project("{FAE04EC0-301F-11D3-BF4B-00C04F79EFBC}") = "UnityVS.yingji.CSharp", "UnityVS.yingji.CSharp.csproj", "{B594C0A4-D0B0-B5E4-B8D5-3DBE278862AE}"
EndProject
Project("{FAE04EC0-301F-11D3-BF4B-00C04F79EFBC}") = "UnityVS.yingji.CSharp.Editor", "UnityVS.yingji.CSharp.Editor.csproj", "{5F76BF7C-4B61-73AA-8160-F509A8AAA1F5}"
EndProject
Global
	GlobalSection(SolutionConfigurationPlatforms) = preSolution
		Debug|Any CPU = Debug|Any CPU
		Release|Any CPU = Release|Any CPU
	EndGlobalSection
	GlobalSection(ProjectConfigurationPlatforms) = postSolution
		{FA09CF92-578F-7047-611A-A82DAE67ECE1}.Debug|Any CPU.ActiveCfg = Debug|Any CPU
		{FA09CF92-578F-7047-611A-A82DAE67ECE1}.Debug|Any CPU.Build.0 = Debug|Any CPU
		{FA09CF92-578F-7047-611A-A82DAE67ECE1}.Release|Any CPU.ActiveCfg = Release|Any CPU
		{FA09CF92-578F-7047-611A-A82DAE67ECE1}.Release|Any CPU.Build.0 = Release|Any CPU
		{B594C0A4-D0B0-B5E4-B8D5-3DBE278862AE}.Debug|Any CPU.ActiveCfg = Debug|Any CPU
		{B594C0A4-D0B0-B5E4-B8D5-3DBE278862AE}.Debug|Any CPU.Build.0 = Debug|Any CPU
		{B594C0A4-D0B0-B5E4-B8D5-3DBE278862AE}.Release|Any CPU.ActiveCfg = Release|Any CPU
		{B594C0A4-D0B0-B5E4-B8D5-3DBE278862AE}.Release|Any CPU.Build.0 = Release|Any CPU
		{5F76BF7C-4B61-73AA-8160-F509A8AAA1F5}.Debug|Any CPU.ActiveCfg = Debug|Any CPU
		{5F76BF7C-4B61-73AA-8160-F509A8AAA1F5}.Debug|Any CPU.Build.0 = Debug|Any CPU
		{5F76BF7C-4B61-73AA-8160-F509A8AAA1F5}.Release|Any CPU.ActiveCfg = Release|Any CPU
		{5F76BF7C-4B61-73AA-8160-F509A8AAA1F5}.Release|Any CPU.Build.0 = Release|Any CPU
	EndGlobalSection
	GlobalSection(SolutionProperties) = preSolution
		HideSolutionNode = FALSE
	EndGlobalSection
EndGlobal
